
Microsoft Visual Studio Solution File, Format Version 12.00
# Visual Studio Version 16
VisualStudioVersion = 16.0.30413.136
MinimumVisualStudioVersion = 10.0.40219.1
Project("{FAE04EC0-301F-11D3-BF4B-00C04F79EFBC}") = "StudentGradeDemo", "StudentGradeDemo\StudentGradeDemo.csproj", "{FD6422CA-5CF1-453E-923C-7B029DADA1A7}"
EndProject
Global
	GlobalSection(SolutionConfigurationPlatforms) = preSolution
		Debug|Any CPU = Debug|Any CPU
		Release|Any CPU = Release|Any CPU
	EndGlobalSection
	GlobalSection(ProjectConfigurationPlatforms) = postSolution
		{FD6422CA-5CF1-453E-923C-7B029DADA1A7}.Debug|Any CPU.ActiveCfg = Debug|Any CPU
		{FD6422CA-5CF1-453E-923C-7B029DADA1A7}.Debug|Any CPU.Build.0 = Debug|Any CPU
		{FD6422CA-5CF1-453E-923C-7B029DADA1A7}.Release|Any CPU.ActiveCfg = Release|Any CPU
		{FD6422CA-5CF1-453E-923C-7B029DADA1A7}.Release|Any CPU.Build.0 = Release|Any CPU
	EndGlobalSection
	GlobalSection(SolutionProperties) = preSolution
		HideSolutionNode = FALSE
	EndGlobalSection
	GlobalSection(ExtensibilityGlobals) = postSolution
		SolutionGuid = {C1C0A268-4640-4218-BDE5-D22442783D64}
	EndGlobalSection
EndGlobal
