
Microsoft Visual Studio Solution File, Format Version 12.00
# Visual Studio Version 16
VisualStudioVersion = 16.0.30413.136
MinimumVisualStudioVersion = 10.0.40219.1
Project("{FAE04EC0-301F-11D3-BF4B-00C04F79EFBC}") = "WritePatientRecords", "WritePatientRecords\WritePatientRecords.csproj", "{389EF6E8-B52C-4AF1-B868-60111FD00FC0}"
EndProject
Global
	GlobalSection(SolutionConfigurationPlatforms) = preSolution
		Debug|Any CPU = Debug|Any CPU
		Release|Any CPU = Release|Any CPU
	EndGlobalSection
	GlobalSection(ProjectConfigurationPlatforms) = postSolution
		{389EF6E8-B52C-4AF1-B868-60111FD00FC0}.Debug|Any CPU.ActiveCfg = Debug|Any CPU
		{389EF6E8-B52C-4AF1-B868-60111FD00FC0}.Debug|Any CPU.Build.0 = Debug|Any CPU
		{389EF6E8-B52C-4AF1-B868-60111FD00FC0}.Release|Any CPU.ActiveCfg = Release|Any CPU
		{389EF6E8-B52C-4AF1-B868-60111FD00FC0}.Release|Any CPU.Build.0 = Release|Any CPU
	EndGlobalSection
	GlobalSection(SolutionProperties) = preSolution
		HideSolutionNode = FALSE
	EndGlobalSection
	GlobalSection(ExtensibilityGlobals) = postSolution
		SolutionGuid = {029C09F7-374E-443D-A6B9-730F27E8F1BE}
	EndGlobalSection
EndGlobal
