
Microsoft Visual Studio Solution File, Format Version 12.00
# Visual Studio Version 16
VisualStudioVersion = 16.0.30413.136
MinimumVisualStudioVersion = 10.0.40219.1
Project("{FAE04EC0-301F-11D3-BF4B-00C04F79EFBC}") = "Hurricane", "Hurricane\Hurricane.csproj", "{9BF94424-555D-49EF-AB16-76D484CB6C2D}"
EndProject
Global
	GlobalSection(SolutionConfigurationPlatforms) = preSolution
		Debug|Any CPU = Debug|Any CPU
		Release|Any CPU = Release|Any CPU
	EndGlobalSection
	GlobalSection(ProjectConfigurationPlatforms) = postSolution
		{9BF94424-555D-49EF-AB16-76D484CB6C2D}.Debug|Any CPU.ActiveCfg = Debug|Any CPU
		{9BF94424-555D-49EF-AB16-76D484CB6C2D}.Debug|Any CPU.Build.0 = Debug|Any CPU
		{9BF94424-555D-49EF-AB16-76D484CB6C2D}.Release|Any CPU.ActiveCfg = Release|Any CPU
		{9BF94424-555D-49EF-AB16-76D484CB6C2D}.Release|Any CPU.Build.0 = Release|Any CPU
	EndGlobalSection
	GlobalSection(SolutionProperties) = preSolution
		HideSolutionNode = FALSE
	EndGlobalSection
	GlobalSection(ExtensibilityGlobals) = postSolution
		SolutionGuid = {7F7B44C0-A842-4C81-BD8C-D45E909C489B}
	EndGlobalSection
EndGlobal
