
Microsoft Visual Studio Solution File, Format Version 12.00
# Visual Studio Version 16
VisualStudioVersion = 16.0.30413.136
MinimumVisualStudioVersion = 10.0.40219.1
Project("{FAE04EC0-301F-11D3-BF4B-00C04F79EFBC}") = "ConferencesDemo", "ConferencesDemo\ConferencesDemo.csproj", "{37148D20-3168-4B12-9F0C-E8CA51A19322}"
EndProject
Global
	GlobalSection(SolutionConfigurationPlatforms) = preSolution
		Debug|Any CPU = Debug|Any CPU
		Release|Any CPU = Release|Any CPU
	EndGlobalSection
	GlobalSection(ProjectConfigurationPlatforms) = postSolution
		{37148D20-3168-4B12-9F0C-E8CA51A19322}.Debug|Any CPU.ActiveCfg = Debug|Any CPU
		{37148D20-3168-4B12-9F0C-E8CA51A19322}.Debug|Any CPU.Build.0 = Debug|Any CPU
		{37148D20-3168-4B12-9F0C-E8CA51A19322}.Release|Any CPU.ActiveCfg = Release|Any CPU
		{37148D20-3168-4B12-9F0C-E8CA51A19322}.Release|Any CPU.Build.0 = Release|Any CPU
	EndGlobalSection
	GlobalSection(SolutionProperties) = preSolution
		HideSolutionNode = FALSE
	EndGlobalSection
	GlobalSection(ExtensibilityGlobals) = postSolution
		SolutionGuid = {B167E870-8296-4DA5-96CA-509CC6E301DA}
	EndGlobalSection
EndGlobal
